// !$*UTF8*$!
{
	archiveVersion = 1;
	classes = {
	};
	objectVersion = 55;
	objects = {

/* Begin PBXBuildFile section */
		58009C01284D71CF00810B50 /* AppDelegate.swift in Sources */ = {isa = PBXBuildFile; fileRef = 58009C00284D71CF00810B50 /* AppDelegate.swift */; };
		58009C03284D71CF00810B50 /* SceneDelegate.swift in Sources */ = {isa = PBXBuildFile; fileRef = 58009C02284D71CF00810B50 /* SceneDelegate.swift */; };
		58009C05284D71CF00810B50 /* ViewController.swift in Sources */ = {isa = PBXBuildFile; fileRef = 58009C04284D71CF00810B50 /* ViewController.swift */; };
		58009C08284D71CF00810B50 /* Main.storyboard in Resources */ = {isa = PBXBuildFile; fileRef = 58009C06284D71CF00810B50 /* Main.storyboard */; };
		58009C0A284D71D100810B50 /* Assets.xcassets in Resources */ = {isa = PBXBuildFile; fileRef = 58009C09284D71D100810B50 /* Assets.xcassets */; };
		58009C0D284D71D100810B50 /* LaunchScreen.storyboard in Resources */ = {isa = PBXBuildFile; fileRef = 58009C0B284D71D100810B50 /* LaunchScreen.storyboard */; };
		58009C1C284D91DF00810B50 /* KickDrum.wav in Resources */ = {isa = PBXBuildFile; fileRef = 58009C1B284D91DF00810B50 /* KickDrum.wav */; };
		58009C1F284DA55400810B50 /* PolyphonicAudioPlayer.swift in Sources */ = {isa = PBXBuildFile; fileRef = 58009C1E284DA55400810B50 /* PolyphonicAudioPlayer.swift */; };
/* End PBXBuildFile section */

/* Begin PBXFileReference section */
		58009BFD284D71CF00810B50 /* sample player.app */ = {isa = PBXFileReference; explicitFileType = wrapper.application; includeInIndex = 0; path = "sample player.app"; sourceTree = BUILT_PRODUCTS_DIR; };
		58009C00284D71CF00810B50 /* AppDelegate.swift */ = {isa = PBXFileReference; lastKnownFileType = sourcecode.swift; path = AppDelegate.swift; sourceTree = "<group>"; };
		58009C02284D71CF00810B50 /* SceneDelegate.swift */ = {isa = PBXFileReference; lastKnownFileType = sourcecode.swift; path = SceneDelegate.swift; sourceTree = "<group>"; };
		58009C04284D71CF00810B50 /* ViewController.swift */ = {isa = PBXFileReference; lastKnownFileType = sourcecode.swift; path = ViewController.swift; sourceTree = "<group>"; };
		58009C07284D71CF00810B50 /* Base */ = {isa = PBXFileReference; lastKnownFileType = file.storyboard; name = Base; path = Base.lproj/Main.storyboard; sourceTree = "<group>"; };
		58009C09284D71D100810B50 /* Assets.xcassets */ = {isa = PBXFileReference; lastKnownFileType = folder.assetcatalog; path = Assets.xcassets; sourceTree = "<group>"; };
		58009C0C284D71D100810B50 /* Base */ = {isa = PBXFileReference; lastKnownFileType = file.storyboard; name = Base; path = Base.lproj/LaunchScreen.storyboard; sourceTree = "<group>"; };
		58009C0E284D71D100810B50 /* Info.plist */ = {isa = PBXFileReference; lastKnownFileType = text.plist.xml; path = Info.plist; sourceTree = "<group>"; };
		58009C1B284D91DF00810B50 /* KickDrum.wav */ = {isa = PBXFileReference; lastKnownFileType = audio.wav; path = KickDrum.wav; sourceTree = "<group>"; };
		58009C1E284DA55400810B50 /* PolyphonicAudioPlayer.swift */ = {isa = PBXFileReference; lastKnownFileType = sourcecode.swift; path = PolyphonicAudioPlayer.swift; sourceTree = "<group>"; };
/* End PBXFileReference section */

/* Begin PBXFrameworksBuildPhase section */
		58009BFA284D71CF00810B50 /* Frameworks */ = {
			isa = PBXFrameworksBuildPhase;
			buildActionMask = 2147483647;
			files = (
			);
			runOnlyForDeploymentPostprocessing = 0;
		};
/* End PBXFrameworksBuildPhase section */

/* Begin PBXGroup section */
		58009BF4284D71CF00810B50 = {
			isa = PBXGroup;
			children = (
				58009BFF284D71CF00810B50 /* sample player */,
				58009BFE284D71CF00810B50 /* Products */,
			);
			sourceTree = "<group>";
		};
		58009BFE284D71CF00810B50 /* Products */ = {
			isa = PBXGroup;
			children = (
				58009BFD284D71CF00810B50 /* sample player.app */,
			);
			name = Products;
			sourceTree = "<group>";
		};
		58009BFF284D71CF00810B50 /* sample player */ = {
			isa = PBXGroup;
			children = (
				58009C1D284D923900810B50 /* samples */,
				58009C00284D71CF00810B50 /* AppDelegate.swift */,
				58009C02284D71CF00810B50 /* SceneDelegate.swift */,
				58009C04284D71CF00810B50 /* ViewController.swift */,
				58009C06284D71CF00810B50 /* Main.storyboard */,
				58009C09284D71D100810B50 /* Assets.xcassets */,
				58009C0B284D71D100810B50 /* LaunchScreen.storyboard */,
				58009C0E284D71D100810B50 /* Info.plist */,
				58009C1E284DA55400810B50 /* PolyphonicAudioPlayer.swift */,
			);
			path = "sample player";
			sourceTree = "<group>";
		};
		58009C1D284D923900810B50 /* samples */ = {
			isa = PBXGroup;
			children = (
				58009C1B284D91DF00810B50 /* KickDrum.wav */,
			);
			path = samples;
			sourceTree = "<group>";
		};
/* End PBXGroup section */

/* Begin PBXNativeTarget section */
		58009BFC284D71CF00810B50 /* sample player */ = {
			isa = PBXNativeTarget;
			buildConfigurationList = 58009C11284D71D100810B50 /* Build configuration list for PBXNativeTarget "sample player" */;
			buildPhases = (
				58009BF9284D71CF00810B50 /* Sources */,
				58009BFA284D71CF00810B50 /* Frameworks */,
				58009BFB284D71CF00810B50 /* Resources */,
			);
			buildRules = (
			);
			dependencies = (
			);
			name = "sample player";
			productName = "sample player";
			productReference = 58009BFD284D71CF00810B50 /* sample player.app */;
			productType = "com.apple.product-type.application";
		};
/* End PBXNativeTarget section */

/* Begin PBXProject section */
		58009BF5284D71CF00810B50 /* Project object */ = {
			isa = PBXProject;
			attributes = {
				BuildIndependentTargetsInParallel = 1;
				LastSwiftUpdateCheck = 1340;
				LastUpgradeCheck = 1340;
				TargetAttributes = {
					58009BFC284D71CF00810B50 = {
						CreatedOnToolsVersion = 13.4.1;
					};
				};
			};
			buildConfigurationList = 58009BF8284D71CF00810B50 /* Build configuration list for PBXProject "sample player" */;
			compatibilityVersion = "Xcode 13.0";
			developmentRegion = en;
			hasScannedForEncodings = 0;
			knownRegions = (
				en,
				Base,
			);
			mainGroup = 58009BF4284D71CF00810B50;
			productRefGroup = 58009BFE284D71CF00810B50 /* Products */;
			projectDirPath = "";
			projectRoot = "";
			targets = (
				58009BFC284D71CF00810B50 /* sample player */,
			);
		};
/* End PBXProject section */

/* Begin PBXResourcesBuildPhase section */
		58009BFB284D71CF00810B50 /* Resources */ = {
			isa = PBXResourcesBuildPhase;
			buildActionMask = 2147483647;
			files = (
				58009C1C284D91DF00810B50 /* KickDrum.wav in Resources */,
				58009C0D284D71D100810B50 /* LaunchScreen.storyboard in Resources */,
				58009C0A284D71D100810B50 /* Assets.xcassets in Resources */,
				58009C08284D71CF00810B50 /* Main.storyboard in Resources */,
			);
			runOnlyForDeploymentPostprocessing = 0;
		};
/* End PBXResourcesBuildPhase section */

/* Begin PBXSourcesBuildPhase section */
		58009BF9284D71CF00810B50 /* Sources */ = {
			isa = PBXSourcesBuildPhase;
			buildActionMask = 2147483647;
			files = (
				58009C05284D71CF00810B50 /* ViewController.swift in Sources */,
				58009C01284D71CF00810B50 /* AppDelegate.swift in Sources */,
				58009C1F284DA55400810B50 /* PolyphonicAudioPlayer.swift in Sources */,
				58009C03284D71CF00810B50 /* SceneDelegate.swift in Sources */,
			);
			runOnlyForDeploymentPostprocessing = 0;
		};
/* End PBXSourcesBuildPhase section */

/* Begin PBXVariantGroup section */
		58009C06284D71CF00810B50 /* Main.storyboard */ = {
			isa = PBXVariantGroup;
			children = (
				58009C07284D71CF00810B50 /* Base */,
			);
			name = Main.storyboard;
			sourceTree = "<group>";
		};
		58009C0B284D71D100810B50 /* LaunchScreen.storyboard */ = {
			isa = PBXVariantGroup;
			children = (
				58009C0C284D71D100810B50 /* Base */,
			);
			name = LaunchScreen.storyboard;
			sourceTree = "<group>";
		};
/* End PBXVariantGroup section */

/* Begin XCBuildConfiguration section */
		58009C0F284D71D100810B50 /* Debug */ = {
			isa = XCBuildConfiguration;
			buildSettings = {
				ALWAYS_SEARCH_USER_PATHS = NO;
				CLANG_ANALYZER_NONNULL = YES;
				CLANG_ANALYZER_NUMBER_OBJECT_CONVERSION = YES_AGGRESSIVE;
				CLANG_CXX_LANGUAGE_STANDARD = "gnu++17";
				CLANG_ENABLE_MODULES = YES;
				CLANG_ENABLE_OBJC_ARC = YES;
				CLANG_ENABLE_OBJC_WEAK = YES;
				CLANG_WARN_BLOCK_CAPTURE_AUTORELEASING = YES;
				CLANG_WARN_BOOL_CONVERSION = YES;
				CLANG_WARN_COMMA = YES;
				CLANG_WARN_CONSTANT_CONVERSION = YES;
				CLANG_WARN_DEPRECATED_OBJC_IMPLEMENTATIONS = YES;
				CLANG_WARN_DIRECT_OBJC_ISA_USAGE = YES_ERROR;
				CLANG_WARN_DOCUMENTATION_COMMENTS = YES;
				CLANG_WARN_EMPTY_BODY = YES;
				CLANG_WARN_ENUM_CONVERSION = YES;
				CLANG_WARN_INFINITE_RECURSION = YES;
				CLANG_WARN_INT_CONVERSION = YES;
				CLANG_WARN_NON_LITERAL_NULL_CONVERSION = YES;
				CLANG_WARN_OBJC_IMPLICIT_RETAIN_SELF = YES;
				CLANG_WARN_OBJC_LITERAL_CONVERSION = YES;
				CLANG_WARN_OBJC_ROOT_CLASS = YES_ERROR;
				CLANG_WARN_QUOTED_INCLUDE_IN_FRAMEWORK_HEADER = YES;
				CLANG_WARN_RANGE_LOOP_ANALYSIS = YES;
				CLANG_WARN_STRICT_PROTOTYPES = YES;
				CLANG_WARN_SUSPICIOUS_MOVE = YES;
				CLANG_WARN_UNGUARDED_AVAILABILITY = YES_AGGRESSIVE;
				CLANG_WARN_UNREACHABLE_CODE = YES;
				CLANG_WARN__DUPLICATE_METHOD_MATCH = YES;
				COPY_PHASE_STRIP = NO;
				DEBUG_INFORMATION_FORMAT = dwarf;
				ENABLE_STRICT_OBJC_MSGSEND = YES;
				ENABLE_TESTABILITY = YES;
				GCC_C_LANGUAGE_STANDARD = gnu11;
				GCC_DYNAMIC_NO_PIC = NO;
				GCC_NO_COMMON_BLOCKS = YES;
				GCC_OPTIMIZATION_LEVEL = 0;
				GCC_PREPROCESSOR_DEFINITIONS = (
					"DEBUG=1",
					"$(inherited)",
				);
				GCC_WARN_64_TO_32_BIT_CONVERSION = YES;
				GCC_WARN_ABOUT_RETURN_TYPE = YES_ERROR;
				GCC_WARN_UNDECLARED_SELECTOR = YES;
				GCC_WARN_UNINITIALIZED_AUTOS = YES_AGGRESSIVE;
				GCC_WARN_UNUSED_FUNCTION = YES;
				GCC_WARN_UNUSED_VARIABLE = YES;
				IPHONEOS_DEPLOYMENT_TARGET = 15.5;
				MTL_ENABLE_DEBUG_INFO = INCLUDE_SOURCE;
				MTL_FAST_MATH = YES;
				ONLY_ACTIVE_ARCH = YES;
				SDKROOT = iphoneos;
				SWIFT_ACTIVE_COMPILATION_CONDITIONS = DEBUG;
				SWIFT_OPTIMIZATION_LEVEL = "-Onone";
			};
			name = Debug;
		};
		58009C10284D71D100810B50 /* Release */ = {
			isa = XCBuildConfiguration;
			buildSettings = {
				ALWAYS_SEARCH_USER_PATHS = NO;
				CLANG_ANALYZER_NONNULL = YES;
				CLANG_ANALYZER_NUMBER_OBJECT_CONVERSION = YES_AGGRESSIVE;
				CLANG_CXX_LANGUAGE_STANDARD = "gnu++17";
				CLANG_ENABLE_MODULES = YES;
				CLANG_ENABLE_OBJC_ARC = YES;
				CLANG_ENABLE_OBJC_WEAK = YES;
				CLANG_WARN_BLOCK_CAPTURE_AUTORELEASING = YES;
				CLANG_WARN_BOOL_CONVERSION = YES;
				CLANG_WARN_COMMA = YES;
				CLANG_WARN_CONSTANT_CONVERSION = YES;
				CLANG_WARN_DEPRECATED_OBJC_IMPLEMENTATIONS = YES;
				CLANG_WARN_DIRECT_OBJC_ISA_USAGE = YES_ERROR;
				CLANG_WARN_DOCUMENTATION_COMMENTS = YES;
				CLANG_WARN_EMPTY_BODY = YES;
				CLANG_WARN_ENUM_CONVERSION = YES;
				CLANG_WARN_INFINITE_RECURSION = YES;
				CLANG_WARN_INT_CONVERSION = YES;
				CLANG_WARN_NON_LITERAL_NULL_CONVERSION = YES;
				CLANG_WARN_OBJC_IMPLICIT_RETAIN_SELF = YES;
				CLANG_WARN_OBJC_LITERAL_CONVERSION = YES;
				CLANG_WARN_OBJC_ROOT_CLASS = YES_ERROR;
				CLANG_WARN_QUOTED_INCLUDE_IN_FRAMEWORK_HEADER = YES;
				CLANG_WARN_RANGE_LOOP_ANALYSIS = YES;
				CLANG_WARN_STRICT_PROTOTYPES = YES;
				CLANG_WARN_SUSPICIOUS_MOVE = YES;
				CLANG_WARN_UNGUARDED_AVAILABILITY = YES_AGGRESSIVE;
				CLANG_WARN_UNREACHABLE_CODE = YES;
				CLANG_WARN__DUPLICATE_METHOD_MATCH = YES;
				COPY_PHASE_STRIP = NO;
				DEBUG_INFORMATION_FORMAT = "dwarf-with-dsym";
				ENABLE_NS_ASSERTIONS = NO;
				ENABLE_STRICT_OBJC_MSGSEND = YES;
				GCC_C_LANGUAGE_STANDARD = gnu11;
				GCC_NO_COMMON_BLOCKS = YES;
				GCC_WARN_64_TO_32_BIT_CONVERSION = YES;
				GCC_WARN_ABOUT_RETURN_TYPE = YES_ERROR;
				GCC_WARN_UNDECLARED_SELECTOR = YES;
				GCC_WARN_UNINITIALIZED_AUTOS = YES_AGGRESSIVE;
				GCC_WARN_UNUSED_FUNCTION = YES;
				GCC_WARN_UNUSED_VARIABLE = YES;
				IPHONEOS_DEPLOYMENT_TARGET = 15.5;
				MTL_ENABLE_DEBUG_INFO = NO;
				MTL_FAST_MATH = YES;
				SDKROOT = iphoneos;
				SWIFT_COMPILATION_MODE = wholemodule;
				SWIFT_OPTIMIZATION_LEVEL = "-O";
				VALIDATE_PRODUCT = YES;
			};
			name = Release;
		};
		58009C12284D71D100810B50 /* Debug */ = {
			isa = XCBuildConfiguration;
			buildSettings = {
				ASSETCATALOG_COMPILER_APPICON_NAME = AppIcon;
				ASSETCATALOG_COMPILER_GLOBAL_ACCENT_COLOR_NAME = AccentColor;
				CODE_SIGN_STYLE = Automatic;
				CURRENT_PROJECT_VERSION = 1;
				DEVELOPMENT_TEAM = 8PEQQM995W;
				GENERATE_INFOPLIST_FILE = YES;
				INFOPLIST_FILE = "sample player/Info.plist";
				INFOPLIST_KEY_UIApplicationSupportsIndirectInputEvents = YES;
				INFOPLIST_KEY_UILaunchStoryboardName = LaunchScreen;
				INFOPLIST_KEY_UIMainStoryboardFile = Main;
				INFOPLIST_KEY_UISupportedInterfaceOrientations = UIInterfaceOrientationPortrait;
				INFOPLIST_KEY_UISupportedInterfaceOrientations_iPad = "UIInterfaceOrientationPortrait UIInterfaceOrientationPortraitUpsideDown UIInterfaceOrientationLandscapeLeft UIInterfaceOrientationLandscapeRight";
				INFOPLIST_KEY_UISupportedInterfaceOrientations_iPhone = "UIInterfaceOrientationPortrait UIInterfaceOrientationLandscapeLeft UIInterfaceOrientationLandscapeRight";
				IPHONEOS_DEPLOYMENT_TARGET = 13.0;
				LD_RUNPATH_SEARCH_PATHS = (
					"$(inherited)",
					"@executable_path/Frameworks",
				);
				MARKETING_VERSION = 1.0;
				PRODUCT_BUNDLE_IDENTIFIER = "com.walfCorp.sample-player";
				PRODUCT_NAME = "$(TARGET_NAME)";
				SWIFT_EMIT_LOC_STRINGS = YES;
				SWIFT_VERSION = 5.0;
				TARGETED_DEVICE_FAMILY = "1,2";
			};
			name = Debug;
		};
		58009C13284D71D100810B50 /* Release */ = {
			isa = XCBuildConfiguration;
			buildSettings = {
				ASSETCATALOG_COMPILER_APPICON_NAME = AppIcon;
				ASSETCATALOG_COMPILER_GLOBAL_ACCENT_COLOR_NAME = AccentColor;
				CODE_SIGN_STYLE = Automatic;
				CURRENT_PROJECT_VERSION = 1;
				DEVELOPMENT_TEAM = 8PEQQM995W;
				GENERATE_INFOPLIST_FILE = YES;
				INFOPLIST_FILE = "sample player/Info.plist";
				INFOPLIST_KEY_UIApplicationSupportsIndirectInputEvents = YES;
				INFOPLIST_KEY_UILaunchStoryboardName = LaunchScreen;
				INFOPLIST_KEY_UIMainStoryboardFile = Main;
				INFOPLIST_KEY_UISupportedInterfaceOrientations = UIInterfaceOrientationPortrait;
				INFOPLIST_KEY_UISupportedInterfaceOrientations_iPad = "UIInterfaceOrientationPortrait UIInterfaceOrientationPortraitUpsideDown UIInterfaceOrientationLandscapeLeft UIInterfaceOrientationLandscapeRight";
				INFOPLIST_KEY_UISupportedInterfaceOrientations_iPhone = "UIInterfaceOrientationPortrait UIInterfaceOrientationLandscapeLeft UIInterfaceOrientationLandscapeRight";
				IPHONEOS_DEPLOYMENT_TARGET = 13.0;
				LD_RUNPATH_SEARCH_PATHS = (
					"$(inherited)",
					"@executable_path/Frameworks",
				);
				MARKETING_VERSION = 1.0;
				PRODUCT_BUNDLE_IDENTIFIER = "com.walfCorp.sample-player";
				PRODUCT_NAME = "$(TARGET_NAME)";
				SWIFT_EMIT_LOC_STRINGS = YES;
				SWIFT_VERSION = 5.0;
				TARGETED_DEVICE_FAMILY = "1,2";
			};
			name = Release;
		};
/* End XCBuildConfiguration section */

/* Begin XCConfigurationList section */
		58009BF8284D71CF00810B50 /* Build configuration list for PBXProject "sample player" */ = {
			isa = XCConfigurationList;
			buildConfigurations = (
				58009C0F284D71D100810B50 /* Debug */,
				58009C10284D71D100810B50 /* Release */,
			);
			defaultConfigurationIsVisible = 0;
			defaultConfigurationName = Release;
		};
		58009C11284D71D100810B50 /* Build configuration list for PBXNativeTarget "sample player" */ = {
			isa = XCConfigurationList;
			buildConfigurations = (
				58009C12284D71D100810B50 /* Debug */,
				58009C13284D71D100810B50 /* Release */,
			);
			defaultConfigurationIsVisible = 0;
			defaultConfigurationName = Release;
		};
/* End XCConfigurationList section */
	};
	rootObject = 58009BF5284D71CF00810B50 /* Project object */;
}
